# This file is automatically @generated by Cargo.
# It is not intended for manual editing.
version = 4

[[package]]
name = "align-library-boundary-bench"
version = "0.0.0"
dependencies = [
 "align_interface",
]

[[package]]
name = "align_ast"
version = "0.4.0"
dependencies = [
 "align_span",
]

[[package]]
name = "align_diag"
version = "0.4.0"
dependencies = [
 "align_span",
]

[[package]]
name = "align_hash"
version = "0.4.0"

[[package]]
name = "align_interface"
version = "0.4.0"
dependencies = [
 "align_ast",
 "align_hash",
 "align_mir",
 "align_sema",
 "align_span",
]

[[package]]
name = "align_mir"
version = "0.4.0"
dependencies = [
 "align_ast",
 "align_sema",
 "align_span",
]

[[package]]
name = "align_sema"
version = "0.4.0"
dependencies = [
 "align_ast",
 "align_diag",
 "align_span",
]

[[package]]
name = "align_span"
version = "0.4.0"
